Microsoft Visual Studio Solution File, Format Version 11.00
# Visual Studio 2008

Project("{5DD29AFA-984A-12FF-35BD-178578F1B04C}") = "VR Wars", "Assembly-CSharp-firstpass.csproj", "{00D4556B-2282-3E2E-C62B-FC56EFC1C38C}"
EndProject
Project("{5DD29AFA-984A-12FF-35BD-178578F1B04C}") = "VR Wars", "Assembly-CSharp.csproj", "{D9B2AFB4-69EB-DAE2-9134-F176CD779E48}"
EndProject
Project("{5DD29AFA-984A-12FF-35BD-178578F1B04C}") = "VR Wars", "Assembly-CSharp-Editor.csproj", "{AB275E11-688C-F50C-78E2-22C1CBBF2E8C}"
EndProject
Global
	GlobalSection(SolutionConfigurationPlatforms) = preSolution
		Debug|Any CPU = Debug|Any CPU
		Release|Any CPU = Release|Any CPU
	EndGlobalSection
	GlobalSection(ProjectConfigurationPlatforms) = postSolution
		{00D4556B-2282-3E2E-C62B-FC56EFC1C38C}.Debug|Any CPU.ActiveCfg = Debug|Any CPU
		{00D4556B-2282-3E2E-C62B-FC56EFC1C38C}.Debug|Any CPU.Build.0 = Debug|Any CPU
		{00D4556B-2282-3E2E-C62B-FC56EFC1C38C}.Release|Any CPU.ActiveCfg = Release|Any CPU
		{00D4556B-2282-3E2E-C62B-FC56EFC1C38C}.Release|Any CPU.Build.0 = Release|Any CPU
		{D9B2AFB4-69EB-DAE2-9134-F176CD779E48}.Debug|Any CPU.ActiveCfg = Debug|Any CPU
		{D9B2AFB4-69EB-DAE2-9134-F176CD779E48}.Debug|Any CPU.Build.0 = Debug|Any CPU
		{D9B2AFB4-69EB-DAE2-9134-F176CD779E48}.Release|Any CPU.ActiveCfg = Release|Any CPU
		{D9B2AFB4-69EB-DAE2-9134-F176CD779E48}.Release|Any CPU.Build.0 = Release|Any CPU
		{AB275E11-688C-F50C-78E2-22C1CBBF2E8C}.Debug|Any CPU.ActiveCfg = Debug|Any CPU
		{AB275E11-688C-F50C-78E2-22C1CBBF2E8C}.Debug|Any CPU.Build.0 = Debug|Any CPU
		{AB275E11-688C-F50C-78E2-22C1CBBF2E8C}.Release|Any CPU.ActiveCfg = Release|Any CPU
		{AB275E11-688C-F50C-78E2-22C1CBBF2E8C}.Release|Any CPU.Build.0 = Release|Any CPU
	EndGlobalSection
	GlobalSection(SolutionProperties) = preSolution
		HideSolutionNode = FALSE
	EndGlobalSection
																																																																																																							GlobalSection(MonoDevelopProperties) = preSolution
		StartupItem = Assembly-CSharp.csproj
		Policies = $0
		$0.TextStylePolicy = $1
		$1.inheritsSet = null
		$1.scope = text/x-csharp
		$0.CSharpFormattingPolicy = $2
		$2.inheritsSet = Mono
		$2.inheritsScope = text/x-csharp
		$2.scope = text/x-csharp
		$0.TextStylePolicy = $3
		$3.FileWidth = 120
		$3.TabWidth = 4
		$3.IndentWidth = 4
		$3.EolMarker = Unix
		$3.inheritsSet = Mono
		$3.inheritsScope = text/plain
		$3.scope = text/plain
	EndGlobalSection

EndGlobal
